
Microsoft Visual Studio Solution File, Format Version 12.00
# Visual Studio 15
VisualStudioVersion = 15.0.28010.2036
MinimumVisualStudioVersion = 10.0.40219.1
Project("{FAE04EC0-301F-11D3-BF4B-00C04F79EFBC}") = "Experimental", "Experimental\Experimental.csproj", "{F351631B-8AE6-42B0-B40D-D9F09DB40965}"
EndProject
Global
	GlobalSection(SolutionConfigurationPlatforms) = preSolution
		Debug|Any CPU = Debug|Any CPU
		Release|Any CPU = Release|Any CPU
	EndGlobalSection
	GlobalSection(ProjectConfigurationPlatforms) = postSolution
		{F351631B-8AE6-42B0-B40D-D9F09DB40965}.Debug|Any CPU.ActiveCfg = Debug|Any CPU
		{F351631B-8AE6-42B0-B40D-D9F09DB40965}.Debug|Any CPU.Build.0 = Debug|Any CPU
		{F351631B-8AE6-42B0-B40D-D9F09DB40965}.Release|Any CPU.ActiveCfg = Release|Any CPU
		{F351631B-8AE6-42B0-B40D-D9F09DB40965}.Release|Any CPU.Build.0 = Release|Any CPU
	EndGlobalSection
	GlobalSection(SolutionProperties) = preSolution
		HideSolutionNode = FALSE
	EndGlobalSection
	GlobalSection(ExtensibilityGlobals) = postSolution
		SolutionGuid = {2F9389DE-5854-4599-AB80-055287D29A82}
	EndGlobalSection
EndGlobal
